PODS:
  - Flutter (1.0.0)
  - "flutter_esc_pos (0.0.6+1)":
    - Flutter

DEPENDENCIES:
  - Flutter (from `Flutter`)
  - flutter_esc_pos (from `.symlinks/plugins/flutter_esc_pos/ios`)

EXTERNAL SOURCES:
  Flutter:
    :path: Flutter
  flutter_esc_pos:
    :path: ".symlinks/plugins/flutter_esc_pos/ios"

SPEC CHECKSUMS:
  Flutter: 0e3d915762c693b495b44d77113d4970485de6ec
  flutter_esc_pos: c1a43d718e8475f43bb03c870e1e20709d7961ab

PODFILE CHECKSUM: aafe91acc616949ddb318b77800a7f51bffa2a4c

COCOAPODS: 1.10.1
