PODS:
  - Flutter (1.0.0)
  - flutter_esc_pos (0.0.3):
    - Flutter

DEPENDENCIES:
  - Flutter (from `Flutter`)
  - flutter_esc_pos (from `.symlinks/plugins/flutter_esc_pos/ios`)

EXTERNAL SOURCES:
  Flutter:
    :path: Flutter
  flutter_esc_pos:
    :path: ".symlinks/plugins/flutter_esc_pos/ios"

SPEC CHECKSUMS:
  Flutter: 0e3d915762c693b495b44d77113d4970485de6ec
  flutter_esc_pos: adcfe99e76ea0019f5ea06798a453bd89449ca61

PODFILE CHECKSUM: 75996e46a75b07477127e2a794afe6979d4742e7

COCOAPODS: 1.10.1
