PODS:
  - Flutter (1.0.0)
  - flutter_esc_pos (0.0.1):
    - Flutter

DEPENDENCIES:
  - Flutter (from `Flutter`)
  - flutter_esc_pos (from `.symlinks/plugins/flutter_esc_pos/ios`)

EXTERNAL SOURCES:
  Flutter:
    :path: Flutter
  flutter_esc_pos:
    :path: ".symlinks/plugins/flutter_esc_pos/ios"

SPEC CHECKSUMS:
  Flutter: 0e3d915762c693b495b44d77113d4970485de6ec
  flutter_esc_pos: a26c9f88f1dfaac2c1483ca1de9e64b85dc4e33d

PODFILE CHECKSUM: 927e18acc1f56b01f1d2c4167b9d896ce6fde544

COCOAPODS: 1.8.4
